
Microsoft Visual Studio Solution File, Format Version 12.00
# Visual Studio Version 16
VisualStudioVersion = 16.0.30011.22
MinimumVisualStudioVersion = 10.0.40219.1
Project("{FAE04EC0-301F-11D3-BF4B-00C04F79EFBC}") = "EFCoreApp.Data", "EFCoreApp.Data\EFCoreApp.Data.csproj", "{87ADB78F-D467-4009-B579-37139327D1EE}"
EndProject
Project("{FAE04EC0-301F-11D3-BF4B-00C04F79EFBC}") = "EFCoreApp.Domian", "EFCoreApp.Domian\EFCoreApp.Domian.csproj", "{C8539A3E-1237-4EEE-9F9C-43F434A39040}"
EndProject
Project("{FAE04EC0-301F-11D3-BF4B-00C04F79EFBC}") = "SomeUI", "SomeUI\SomeUI.csproj", "{61F25694-251B-4444-95D2-9F6F9E199CD1}"
EndProject
Global
	GlobalSection(SolutionConfigurationPlatforms) = preSolution
		Debug|Any CPU = Debug|Any CPU
		Release|Any CPU = Release|Any CPU
	EndGlobalSection
	GlobalSection(ProjectConfigurationPlatforms) = postSolution
		{87ADB78F-D467-4009-B579-37139327D1EE}.Debug|Any CPU.ActiveCfg = Debug|Any CPU
		{87ADB78F-D467-4009-B579-37139327D1EE}.Debug|Any CPU.Build.0 = Debug|Any CPU
		{87ADB78F-D467-4009-B579-37139327D1EE}.Release|Any CPU.ActiveCfg = Release|Any CPU
		{87ADB78F-D467-4009-B579-37139327D1EE}.Release|Any CPU.Build.0 = Release|Any CPU
		{C8539A3E-1237-4EEE-9F9C-43F434A39040}.Debug|Any CPU.ActiveCfg = Debug|Any CPU
		{C8539A3E-1237-4EEE-9F9C-43F434A39040}.Debug|Any CPU.Build.0 = Debug|Any CPU
		{C8539A3E-1237-4EEE-9F9C-43F434A39040}.Release|Any CPU.ActiveCfg = Release|Any CPU
		{C8539A3E-1237-4EEE-9F9C-43F434A39040}.Release|Any CPU.Build.0 = Release|Any CPU
		{61F25694-251B-4444-95D2-9F6F9E199CD1}.Debug|Any CPU.ActiveCfg = Debug|Any CPU
		{61F25694-251B-4444-95D2-9F6F9E199CD1}.Debug|Any CPU.Build.0 = Debug|Any CPU
		{61F25694-251B-4444-95D2-9F6F9E199CD1}.Release|Any CPU.ActiveCfg = Release|Any CPU
		{61F25694-251B-4444-95D2-9F6F9E199CD1}.Release|Any CPU.Build.0 = Release|Any CPU
	EndGlobalSection
	GlobalSection(SolutionProperties) = preSolution
		HideSolutionNode = FALSE
	EndGlobalSection
	GlobalSection(ExtensibilityGlobals) = postSolution
		SolutionGuid = {52B1798E-B07C-4760-A951-596110993104}
	EndGlobalSection
EndGlobal
